<?xml version="1.0" encoding="utf-8"?>
<Project ToolsVersion="4.0" xmlns="http://schemas.microsoft.com/developer/msbuild/2003">
  <ItemGroup>
    <Filter Include="Packet">
      <UniqueIdentifier>{7507cf70-fcf4-4db1-bf32-aa36dbeaf3fe}</UniqueIdentifier>
    </Filter>
    <Filter Include="99. Server_Define">
      <UniqueIdentifier>{9fd3ed9f-cf84-4e65-8fda-b5f23f90bfd0}</UniqueIdentifier>
    </Filter>
    <Filter Include="99. Server_Define\Server_PCH">
      <UniqueIdentifier>{eb2dd990-d5e1-4a8c-94c6-7d53fda90c0f}</UniqueIdentifier>
    </Filter>
    <Filter Include="00. Server">
      <UniqueIdentifier>{c0ecfd02-013d-4fc9-8776-4256f1205db3}</UniqueIdentifier>
    </Filter>
    <Filter Include="PacketType">
      <UniqueIdentifier>{96ff9198-d94e-4f0a-96fa-f51e44d7e9d3}</UniqueIdentifier>
    </Filter>
  </ItemGroup>
  <ItemGroup>
    <ClCompile Include="..\Private\Server_PCH.cpp">
      <Filter>99. Server_Define\Server_PCH</Filter>
    </ClCompile>
    <ClCompile Include="..\Private\Server.cpp">
      <Filter>00. Server</Filter>
    </ClCompile>
  </ItemGroup>
  <ItemGroup>
    <ClInclude Include="..\Public\Server_PCH.h">
      <Filter>99. Server_Define\Server_PCH</Filter>
    </ClInclude>
    <ClInclude Include="..\Public\PlayerPacket.h">
      <Filter>Packet</Filter>
    </ClInclude>
    <ClInclude Include="..\Public\PacketType.h">
      <Filter>PacketType</Filter>
    </ClInclude>
  </ItemGroup>
</Project>